github.com/dnb-hugo/components v0.0.0-20201204132645-9caa247842f2 h1:7Qlt0PLBWDiUSujl2jmEioX14waXiIUJc2iYgbbPQvo=
github.com/dnb-hugo/components/functions v1.0.3 h1:0WnBtPSVegLU9RSv4WeJc5DqqojgQOuQZ4rBopI/mzc=
github.com/dnb-hugo/components/functions v1.0.3/go.mod h1:D1wuewBIRi/K+JS40raRu4iPYReMNYguOF/vXJ7Jv2c=
