github.com/dnb-org/components/functions v1.0.37 h1:/gJsjBXci8aNVKqmMeOhHQYrlGuiT2opF2OBy2UAdbY=
github.com/dnb-org/components/functions v1.0.37/go.mod h1:tMbnIU5Q/s6RGEsb0dhWPQRYu3W91mZPjNaMMzHcPuA=
github.com/dnb-org/debug v1.2.1 h1:2wM7BfTeqxPeOYxwcogaO+Oa+M3nIsxMOPPJ5PXrerA=
github.com/dnb-org/debug v1.2.1/go.mod h1:Z/Equ7UpspM0EcvGr6MIlsuf41/e2HEKl6U5zfb1XI0=
