github.com/dnb-org/components/functions v1.4.0 h1:UnYBE+5yWelZE7aME2ZViDuVns4P58amecRpNws/ZcM=
github.com/dnb-org/components/functions v1.4.0/go.mod h1:+GMAcQaK260wZ6ioNPbQY/ruWdBxFxj9PPw7o5p7eu0=
github.com/dnb-org/components/functions v1.4.1 h1:lY2IBM944mhOZGKY9RHke6aMdTutMgS1xRiTDLZF3uM=
github.com/dnb-org/components/functions v1.4.1/go.mod h1:+GMAcQaK260wZ6ioNPbQY/ruWdBxFxj9PPw7o5p7eu0=
github.com/dnb-org/components/functions v1.4.2 h1:mAxbCciLgMfr0AflvY3sBT1SvE504gqWDJh4qqpKd7g=
github.com/dnb-org/components/functions v1.4.2/go.mod h1:+GMAcQaK260wZ6ioNPbQY/ruWdBxFxj9PPw7o5p7eu0=
github.com/dnb-org/components/functions v1.4.3 h1:T262d+WYfW8YQPzFcStXkG3p5EOFD2YEXJQfxvaBGXE=
github.com/dnb-org/components/functions v1.4.3/go.mod h1:+GMAcQaK260wZ6ioNPbQY/ruWdBxFxj9PPw7o5p7eu0=
github.com/dnb-org/components/functions v1.4.4 h1:OKb64ZyA1bh3xU2bhr1oHd58CLxQb+Ezxhnt2UQ1I+U=
github.com/dnb-org/components/functions v1.4.4/go.mod h1:+GMAcQaK260wZ6ioNPbQY/ruWdBxFxj9PPw7o5p7eu0=
github.com/dnb-org/components/functions v1.4.5 h1:DBZmRJtEd4H2CsitPw3MvDo1DuEz8zjPN30T5DjxPbY=
github.com/dnb-org/components/functions v1.4.5/go.mod h1:+GMAcQaK260wZ6ioNPbQY/ruWdBxFxj9PPw7o5p7eu0=
github.com/dnb-org/components/functions v1.4.6 h1:rksMDr4WvVq6kMqtWWSppSnDfWj1C2celDXCMyezx9c=
github.com/dnb-org/components/functions v1.4.6/go.mod h1:+GMAcQaK260wZ6ioNPbQY/ruWdBxFxj9PPw7o5p7eu0=
github.com/dnb-org/components/functions v1.4.7 h1:mhHGrxdqGIKS4zPzewEcg9qOr/G44nCb7xRa2VjBen0=
github.com/dnb-org/components/functions v1.4.7/go.mod h1:+GMAcQaK260wZ6ioNPbQY/ruWdBxFxj9PPw7o5p7eu0=
github.com/dnb-org/components/functions v1.4.8 h1:4njnLI5hy4ECzksn3CGnWHI0ppk+SDQlrcSPXx90dcs=
github.com/dnb-org/components/functions v1.4.8/go.mod h1:+GMAcQaK260wZ6ioNPbQY/ruWdBxFxj9PPw7o5p7eu0=
github.com/dnb-org/components/functions v1.4.9 h1:xzabmqX30xZHbGKbzRb9Nq9H0jYfS6NFBDVcA1gjXz8=
github.com/dnb-org/components/functions v1.4.9/go.mod h1:+GMAcQaK260wZ6ioNPbQY/ruWdBxFxj9PPw7o5p7eu0=
github.com/dnb-org/debug v1.3.1 h1:d2LKuraEp/JmbtWgX9jUfkOzt85QDgGtZnZJel3ulK4=
github.com/dnb-org/debug v1.3.1/go.mod h1:0z/MDK1qgyqHmMM8mSrexsoPSTpJgIsNu3r6nw5zHAU=
github.com/dnb-org/debug v1.3.4 h1:z/RwloIg1pTXRD7NToX7f/k7uS9Vn43rEGcUMgQv7fc=
github.com/dnb-org/debug v1.3.4/go.mod h1:0z/MDK1qgyqHmMM8mSrexsoPSTpJgIsNu3r6nw5zHAU=
github.com/dnb-org/debug v1.4.1 h1:jWSRBI1sBkbU7aS8uSc9GHyz0dnRAvrbBs5NgLCGFlI=
github.com/dnb-org/debug v1.4.1/go.mod h1:0z/MDK1qgyqHmMM8mSrexsoPSTpJgIsNu3r6nw5zHAU=
