github.com/dnb-hugo/components v0.0.0-20210125135537-7988b82b6415 h1:J9l0HD+KjqhjfaJxd9zbbEUb3Jd5o4TqYotetiyXdng=
github.com/dnb-hugo/components/functions v1.0.11 h1:60S5Y34JLi/PJ6+HKBiPlMGQ5CM7rhFszu7s4O/hqCA=
github.com/dnb-hugo/components/functions v1.0.11/go.mod h1:D1wuewBIRi/K+JS40raRu4iPYReMNYguOF/vXJ7Jv2c=
